// !$*UTF8*$!
{
	archiveVersion = 1;
	classes = {
	};
	objectVersion = 50;
	objects = {

/* Begin PBXBuildFile section */
		08DAE51F2537D6E60059C83E /* AppDelegate.swift in Sources */ = {isa = PBXBuildFile; fileRef = 08DAE51E2537D6E60059C83E /* AppDelegate.swift */; };
		08DAE5212537D6E60059C83E /* ViewController.swift in Sources */ = {isa = PBXBuildFile; fileRef = 08DAE5202537D6E60059C83E /* ViewController.swift */; };
		08DAE5242537D6E60059C83E /* Main.storyboard in Resources */ = {isa = PBXBuildFile; fileRef = 08DAE5222537D6E60059C83E /* Main.storyboard */; };
		08DAE5262537D6E80059C83E /* Assets.xcassets in Resources */ = {isa = PBXBuildFile; fileRef = 08DAE5252537D6E80059C83E /* Assets.xcassets */; };
		08DAE5292537D6E80059C83E /* LaunchScreen.storyboard in Resources */ = {isa = PBXBuildFile; fileRef = 08DAE5272537D6E80059C83E /* LaunchScreen.storyboard */; };
		08DAE5342537D6E80059C83E /* ParstagramTests.swift in Sources */ = {isa = PBXBuildFile; fileRef = 08DAE5332537D6E80059C83E /* ParstagramTests.swift */; };
		08DAE53F2537D6E80059C83E /* ParstagramUITests.swift in Sources */ = {isa = PBXBuildFile; fileRef = 08DAE53E2537D6E80059C83E /* ParstagramUITests.swift */; };
/* End PBXBuildFile section */

/* Begin PBXContainerItemProxy section */
		08DAE5302537D6E80059C83E /* PBXContainerItemProxy */ = {
			isa = PBXContainerItemProxy;
			containerPortal = 08DAE5132537D6E60059C83E /* Project object */;
			proxyType = 1;
			remoteGlobalIDString = 08DAE51A2537D6E60059C83E;
			remoteInfo = Parstagram;
		};
		08DAE53B2537D6E80059C83E /* PBXContainerItemProxy */ = {
			isa = PBXContainerItemProxy;
			containerPortal = 08DAE5132537D6E60059C83E /* Project object */;
			proxyType = 1;
			remoteGlobalIDString = 08DAE51A2537D6E60059C83E;
			remoteInfo = Parstagram;
		};
/* End PBXContainerItemProxy section */

/* Begin PBXFileReference section */
		08DAE51B2537D6E60059C83E /* Parstagram.app */ = {isa = PBXFileReference; explicitFileType = wrapper.application; includeInIndex = 0; path = Parstagram.app; sourceTree = BUILT_PRODUCTS_DIR; };
		08DAE51E2537D6E60059C83E /* AppDelegate.swift */ = {isa = PBXFileReference; lastKnownFileType = sourcecode.swift; path = AppDelegate.swift; sourceTree = "<group>"; };
		08DAE5202537D6E60059C83E /* ViewController.swift */ = {isa = PBXFileReference; lastKnownFileType = sourcecode.swift; path = ViewController.swift; sourceTree = "<group>"; };
		08DAE5232537D6E60059C83E /* Base */ = {isa = PBXFileReference; lastKnownFileType = file.storyboard; name = Base; path = Base.lproj/Main.storyboard; sourceTree = "<group>"; };
		08DAE5252537D6E80059C83E /* Assets.xcassets */ = {isa = PBXFileReference; lastKnownFileType = folder.assetcatalog; path = Assets.xcassets; sourceTree = "<group>"; };
		08DAE5282537D6E80059C83E /* Base */ = {isa = PBXFileReference; lastKnownFileType = file.storyboard; name = Base; path = Base.lproj/LaunchScreen.storyboard; sourceTree = "<group>"; };
		08DAE52A2537D6E80059C83E /* Info.plist */ = {isa = PBXFileReference; lastKnownFileType = text.plist.xml; path = Info.plist; sourceTree = "<group>"; };
		08DAE52F2537D6E80059C83E /* ParstagramTests.xctest */ = {isa = PBXFileReference; explicitFileType = wrapper.cfbundle; includeInIndex = 0; path = ParstagramTests.xctest; sourceTree = BUILT_PRODUCTS_DIR; };
		08DAE5332537D6E80059C83E /* ParstagramTests.swift */ = {isa = PBXFileReference; lastKnownFileType = sourcecode.swift; path = ParstagramTests.swift; sourceTree = "<group>"; };
		08DAE5352537D6E80059C83E /* Info.plist */ = {isa = PBXFileReference; lastKnownFileType = text.plist.xml; path = Info.plist; sourceTree = "<group>"; };
		08DAE53A2537D6E80059C83E /* ParstagramUITests.xctest */ = {isa = PBXFileReference; explicitFileType = wrapper.cfbundle; includeInIndex = 0; path = ParstagramUITests.xctest; sourceTree = BUILT_PRODUCTS_DIR; };
		08DAE53E2537D6E80059C83E /* ParstagramUITests.swift */ = {isa = PBXFileReference; lastKnownFileType = sourcecode.swift; path = ParstagramUITests.swift; sourceTree = "<group>"; };
		08DAE5402537D6E90059C83E /* Info.plist */ = {isa = PBXFileReference; lastKnownFileType = text.plist.xml; path = Info.plist; sourceTree = "<group>"; };
/* End PBXFileReference section */

/* Begin PBXFrameworksBuildPhase section */
		08DAE5182537D6E60059C83E /* Frameworks */ = {
			isa = PBXFrameworksBuildPhase;
			buildActionMask = 2147483647;
			files = (
			);
			runOnlyForDeploymentPostprocessing = 0;
		};
		08DAE52C2537D6E80059C83E /* Frameworks */ = {
			isa = PBXFrameworksBuildPhase;
			buildActionMask = 2147483647;
			files = (
			);
			runOnlyForDeploymentPostprocessing = 0;
		};
		08DAE5372537D6E80059C83E /* Frameworks */ = {
			isa = PBXFrameworksBuildPhase;
			buildActionMask = 2147483647;
			files = (
			);
			runOnlyForDeploymentPostprocessing = 0;
		};
/* End PBXFrameworksBuildPhase section */

/* Begin PBXGroup section */
		08DAE5122537D6E60059C83E = {
			isa = PBXGroup;
			children = (
				08DAE51D2537D6E60059C83E /* Parstagram */,
				08DAE5322537D6E80059C83E /* ParstagramTests */,
				08DAE53D2537D6E80059C83E /* ParstagramUITests */,
				08DAE51C2537D6E60059C83E /* Products */,
			);
			sourceTree = "<group>";
		};
		08DAE51C2537D6E60059C83E /* Products */ = {
			isa = PBXGroup;
			children = (
				08DAE51B2537D6E60059C83E /* Parstagram.app */,
				08DAE52F2537D6E80059C83E /* ParstagramTests.xctest */,
				08DAE53A2537D6E80059C83E /* ParstagramUITests.xctest */,
			);
			name = Products;
			sourceTree = "<group>";
		};
		08DAE51D2537D6E60059C83E /* Parstagram */ = {
			isa = PBXGroup;
			children = (
				08DAE51E2537D6E60059C83E /* AppDelegate.swift */,
				08DAE5202537D6E60059C83E /* ViewController.swift */,
				08DAE5222537D6E60059C83E /* Main.storyboard */,
				08DAE5252537D6E80059C83E /* Assets.xcassets */,
				08DAE5272537D6E80059C83E /* LaunchScreen.storyboard */,
				08DAE52A2537D6E80059C83E /* Info.plist */,
			);
			path = Parstagram;
			sourceTree = "<group>";
		};
		08DAE5322537D6E80059C83E /* ParstagramTests */ = {
			isa = PBXGroup;
			children = (
				08DAE5332537D6E80059C83E /* ParstagramTests.swift */,
				08DAE5352537D6E80059C83E /* Info.plist */,
			);
			path = ParstagramTests;
			sourceTree = "<group>";
		};
		08DAE53D2537D6E80059C83E /* ParstagramUITests */ = {
			isa = PBXGroup;
			children = (
				08DAE53E2537D6E80059C83E /* ParstagramUITests.swift */,
				08DAE5402537D6E90059C83E /* Info.plist */,
			);
			path = ParstagramUITests;
			sourceTree = "<group>";
		};
/* End PBXGroup section */

/* Begin PBXNativeTarget section */
		08DAE51A2537D6E60059C83E /* Parstagram */ = {
			isa = PBXNativeTarget;
			buildConfigurationList = 08DAE5432537D6E90059C83E /* Build configuration list for PBXNativeTarget "Parstagram" */;
			buildPhases = (
				08DAE5172537D6E60059C83E /* Sources */,
				08DAE5182537D6E60059C83E /* Frameworks */,
				08DAE5192537D6E60059C83E /* Resources */,
			);
			buildRules = (
			);
			dependencies = (
			);
			name = Parstagram;
			productName = Parstagram;
			productReference = 08DAE51B2537D6E60059C83E /* Parstagram.app */;
			productType = "com.apple.product-type.application";
		};
		08DAE52E2537D6E80059C83E /* ParstagramTests */ = {
			isa = PBXNativeTarget;
			buildConfigurationList = 08DAE5462537D6E90059C83E /* Build configuration list for PBXNativeTarget "ParstagramTests" */;
			buildPhases = (
				08DAE52B2537D6E80059C83E /* Sources */,
				08DAE52C2537D6E80059C83E /* Frameworks */,
				08DAE52D2537D6E80059C83E /* Resources */,
			);
			buildRules = (
			);
			dependencies = (
				08DAE5312537D6E80059C83E /* PBXTargetDependency */,
			);
			name = ParstagramTests;
			productName = ParstagramTests;
			productReference = 08DAE52F2537D6E80059C83E /* ParstagramTests.xctest */;
			productType = "com.apple.product-type.bundle.unit-test";
		};
		08DAE5392537D6E80059C83E /* ParstagramUITests */ = {
			isa = PBXNativeTarget;
			buildConfigurationList = 08DAE5492537D6E90059C83E /* Build configuration list for PBXNativeTarget "ParstagramUITests" */;
			buildPhases = (
				08DAE5362537D6E80059C83E /* Sources */,
				08DAE5372537D6E80059C83E /* Frameworks */,
				08DAE5382537D6E80059C83E /* Resources */,
			);
			buildRules = (
			);
			dependencies = (
				08DAE53C2537D6E80059C83E /* PBXTargetDependency */,
			);
			name = ParstagramUITests;
			productName = ParstagramUITests;
			productReference = 08DAE53A2537D6E80059C83E /* ParstagramUITests.xctest */;
			productType = "com.apple.product-type.bundle.ui-testing";
		};
/* End PBXNativeTarget section */

/* Begin PBXProject section */
		08DAE5132537D6E60059C83E /* Project object */ = {
			isa = PBXProject;
			attributes = {
				LastSwiftUpdateCheck = 1020;
				LastUpgradeCheck = 1020;
				ORGANIZATIONNAME = konst_nvc;
				TargetAttributes = {
					08DAE51A2537D6E60059C83E = {
						CreatedOnToolsVersion = 10.2.1;
					};
					08DAE52E2537D6E80059C83E = {
						CreatedOnToolsVersion = 10.2.1;
						TestTargetID = 08DAE51A2537D6E60059C83E;
					};
					08DAE5392537D6E80059C83E = {
						CreatedOnToolsVersion = 10.2.1;
						TestTargetID = 08DAE51A2537D6E60059C83E;
					};
				};
			};
			buildConfigurationList = 08DAE5162537D6E60059C83E /* Build configuration list for PBXProject "Parstagram" */;
			compatibilityVersion = "Xcode 9.3";
			developmentRegion = en;
			hasScannedForEncodings = 0;
			knownRegions = (
				en,
				Base,
			);
			mainGroup = 08DAE5122537D6E60059C83E;
			productRefGroup = 08DAE51C2537D6E60059C83E /* Products */;
			projectDirPath = "";
			projectRoot = "";
			targets = (
				08DAE51A2537D6E60059C83E /* Parstagram */,
				08DAE52E2537D6E80059C83E /* ParstagramTests */,
				08DAE5392537D6E80059C83E /* ParstagramUITests */,
			);
		};
/* End PBXProject section */

/* Begin PBXResourcesBuildPhase section */
		08DAE5192537D6E60059C83E /* Resources */ = {
			isa = PBXResourcesBuildPhase;
			buildActionMask = 2147483647;
			files = (
				08DAE5292537D6E80059C83E /* LaunchScreen.storyboard in Resources */,
				08DAE5262537D6E80059C83E /* Assets.xcassets in Resources */,
				08DAE5242537D6E60059C83E /* Main.storyboard in Resources */,
			);
			runOnlyForDeploymentPostprocessing = 0;
		};
		08DAE52D2537D6E80059C83E /* Resources */ = {
			isa = PBXResourcesBuildPhase;
			buildActionMask = 2147483647;
			files = (
			);
			runOnlyForDeploymentPostprocessing = 0;
		};
		08DAE5382537D6E80059C83E /* Resources */ = {
			isa = PBXResourcesBuildPhase;
			buildActionMask = 2147483647;
			files = (
			);
			runOnlyForDeploymentPostprocessing = 0;
		};
/* End PBXResourcesBuildPhase section */

/* Begin PBXSourcesBuildPhase section */
		08DAE5172537D6E60059C83E /* Sources */ = {
			isa = PBXSourcesBuildPhase;
			buildActionMask = 2147483647;
			files = (
				08DAE5212537D6E60059C83E /* ViewController.swift in Sources */,
				08DAE51F2537D6E60059C83E /* AppDelegate.swift in Sources */,
			);
			runOnlyForDeploymentPostprocessing = 0;
		};
		08DAE52B2537D6E80059C83E /* Sources */ = {
			isa = PBXSourcesBuildPhase;
			buildActionMask = 2147483647;
			files = (
				08DAE5342537D6E80059C83E /* ParstagramTests.swift in Sources */,
			);
			runOnlyForDeploymentPostprocessing = 0;
		};
		08DAE5362537D6E80059C83E /* Sources */ = {
			isa = PBXSourcesBuildPhase;
			buildActionMask = 2147483647;
			files = (
				08DAE53F2537D6E80059C83E /* ParstagramUITests.swift in Sources */,
			);
			runOnlyForDeploymentPostprocessing = 0;
		};
/* End PBXSourcesBuildPhase section */

/* Begin PBXTargetDependency section */
		08DAE5312537D6E80059C83E /* PBXTargetDependency */ = {
			isa = PBXTargetDependency;
			target = 08DAE51A2537D6E60059C83E /* Parstagram */;
			targetProxy = 08DAE5302537D6E80059C83E /* PBXContainerItemProxy */;
		};
		08DAE53C2537D6E80059C83E /* PBXTargetDependency */ = {
			isa = PBXTargetDependency;
			target = 08DAE51A2537D6E60059C83E /* Parstagram */;
			targetProxy = 08DAE53B2537D6E80059C83E /* PBXContainerItemProxy */;
		};
/* End PBXTargetDependency section */

/* Begin PBXVariantGroup section */
		08DAE5222537D6E60059C83E /* Main.storyboard */ = {
			isa = PBXVariantGroup;
			children = (
				08DAE5232537D6E60059C83E /* Base */,
			);
			name = Main.storyboard;
			sourceTree = "<group>";
		};
		08DAE5272537D6E80059C83E /* LaunchScreen.storyboard */ = {
			isa = PBXVariantGroup;
			children = (
				08DAE5282537D6E80059C83E /* Base */,
			);
			name = LaunchScreen.storyboard;
			sourceTree = "<group>";
		};
/* End PBXVariantGroup section */

/* Begin XCBuildConfiguration section */
		08DAE5412537D6E90059C83E /* Debug */ = {
			isa = XCBuildConfiguration;
			buildSettings = {
				ALWAYS_SEARCH_USER_PATHS = NO;
				CLANG_ANALYZER_NONNULL = YES;
				CLANG_ANALYZER_NUMBER_OBJECT_CONVERSION = YES_AGGRESSIVE;
				CLANG_CXX_LANGUAGE_STANDARD = "gnu++14";
				CLANG_CXX_LIBRARY = "libc++";
				CLANG_ENABLE_MODULES = YES;
				CLANG_ENABLE_OBJC_ARC = YES;
				CLANG_ENABLE_OBJC_WEAK = YES;
				CLANG_WARN_BLOCK_CAPTURE_AUTORELEASING = YES;
				CLANG_WARN_BOOL_CONVERSION = YES;
				CLANG_WARN_COMMA = YES;
				CLANG_WARN_CONSTANT_CONVERSION = YES;
				CLANG_WARN_DEPRECATED_OBJC_IMPLEMENTATIONS = YES;
				CLANG_WARN_DIRECT_OBJC_ISA_USAGE = YES_ERROR;
				CLANG_WARN_DOCUMENTATION_COMMENTS = YES;
				CLANG_WARN_EMPTY_BODY = YES;
				CLANG_WARN_ENUM_CONVERSION = YES;
				CLANG_WARN_INFINITE_RECURSION = YES;
				CLANG_WARN_INT_CONVERSION = YES;
				CLANG_WARN_NON_LITERAL_NULL_CONVERSION = YES;
				CLANG_WARN_OBJC_IMPLICIT_RETAIN_SELF = YES;
				CLANG_WARN_OBJC_LITERAL_CONVERSION = YES;
				CLANG_WARN_OBJC_ROOT_CLASS = YES_ERROR;
				CLANG_WARN_RANGE_LOOP_ANALYSIS = YES;
				CLANG_WARN_STRICT_PROTOTYPES = YES;
				CLANG_WARN_SUSPICIOUS_MOVE = YES;
				CLANG_WARN_UNGUARDED_AVAILABILITY = YES_AGGRESSIVE;
				CLANG_WARN_UNREACHABLE_CODE = YES;
				CLANG_WARN__DUPLICATE_METHOD_MATCH = YES;
				CODE_SIGN_IDENTITY = "iPhone Developer";
				COPY_PHASE_STRIP = NO;
				DEBUG_INFORMATION_FORMAT = dwarf;
				ENABLE_STRICT_OBJC_MSGSEND = YES;
				ENABLE_TESTABILITY = YES;
				GCC_C_LANGUAGE_STANDARD = gnu11;
				GCC_DYNAMIC_NO_PIC = NO;
				GCC_NO_COMMON_BLOCKS = YES;
				GCC_OPTIMIZATION_LEVEL = 0;
				GCC_PREPROCESSOR_DEFINITIONS = (
					"DEBUG=1",
					"$(inherited)",
				);
				GCC_WARN_64_TO_32_BIT_CONVERSION = YES;
				GCC_WARN_ABOUT_RETURN_TYPE = YES_ERROR;
				GCC_WARN_UNDECLARED_SELECTOR = YES;
				GCC_WARN_UNINITIALIZED_AUTOS = YES_AGGRESSIVE;
				GCC_WARN_UNUSED_FUNCTION = YES;
				GCC_WARN_UNUSED_VARIABLE = YES;
				IPHONEOS_DEPLOYMENT_TARGET = 12.2;
				MTL_ENABLE_DEBUG_INFO = INCLUDE_SOURCE;
				MTL_FAST_MATH = YES;
				ONLY_ACTIVE_ARCH = YES;
				SDKROOT = iphoneos;
				SWIFT_ACTIVE_COMPILATION_CONDITIONS = DEBUG;
				SWIFT_OPTIMIZATION_LEVEL = "-Onone";
			};
			name = Debug;
		};
		08DAE5422537D6E90059C83E /* Release */ = {
			isa = XCBuildConfiguration;
			buildSettings = {
				ALWAYS_SEARCH_USER_PATHS = NO;
				CLANG_ANALYZER_NONNULL = YES;
				CLANG_ANALYZER_NUMBER_OBJECT_CONVERSION = YES_AGGRESSIVE;
				CLANG_CXX_LANGUAGE_STANDARD = "gnu++14";
				CLANG_CXX_LIBRARY = "libc++";
				CLANG_ENABLE_MODULES = YES;
				CLANG_ENABLE_OBJC_ARC = YES;
				CLANG_ENABLE_OBJC_WEAK = YES;
				CLANG_WARN_BLOCK_CAPTURE_AUTORELEASING = YES;
				CLANG_WARN_BOOL_CONVERSION = YES;
				CLANG_WARN_COMMA = YES;
				CLANG_WARN_CONSTANT_CONVERSION = YES;
				CLANG_WARN_DEPRECATED_OBJC_IMPLEMENTATIONS = YES;
				CLANG_WARN_DIRECT_OBJC_ISA_USAGE = YES_ERROR;
				CLANG_WARN_DOCUMENTATION_COMMENTS = YES;
				CLANG_WARN_EMPTY_BODY = YES;
				CLANG_WARN_ENUM_CONVERSION = YES;
				CLANG_WARN_INFINITE_RECURSION = YES;
				CLANG_WARN_INT_CONVERSION = YES;
				CLANG_WARN_NON_LITERAL_NULL_CONVERSION = YES;
				CLANG_WARN_OBJC_IMPLICIT_RETAIN_SELF = YES;
				CLANG_WARN_OBJC_LITERAL_CONVERSION = YES;
				CLANG_WARN_OBJC_ROOT_CLASS = YES_ERROR;
				CLANG_WARN_RANGE_LOOP_ANALYSIS = YES;
				CLANG_WARN_STRICT_PROTOTYPES = YES;
				CLANG_WARN_SUSPICIOUS_MOVE = YES;
				CLANG_WARN_UNGUARDED_AVAILABILITY = YES_AGGRESSIVE;
				CLANG_WARN_UNREACHABLE_CODE = YES;
				CLANG_WARN__DUPLICATE_METHOD_MATCH = YES;
				CODE_SIGN_IDENTITY = "iPhone Developer";
				COPY_PHASE_STRIP = NO;
				DEBUG_INFORMATION_FORMAT = "dwarf-with-dsym";
				ENABLE_NS_ASSERTIONS = NO;
				ENABLE_STRICT_OBJC_MSGSEND = YES;
				GCC_C_LANGUAGE_STANDARD = gnu11;
				GCC_NO_COMMON_BLOCKS = YES;
				GCC_WARN_64_TO_32_BIT_CONVERSION = YES;
				GCC_WARN_ABOUT_RETURN_TYPE = YES_ERROR;
				GCC_WARN_UNDECLARED_SELECTOR = YES;
				GCC_WARN_UNINITIALIZED_AUTOS = YES_AGGRESSIVE;
				GCC_WARN_UNUSED_FUNCTION = YES;
				GCC_WARN_UNUSED_VARIABLE = YES;
				IPHONEOS_DEPLOYMENT_TARGET = 12.2;
				MTL_ENABLE_DEBUG_INFO = NO;
				MTL_FAST_MATH = YES;
				SDKROOT = iphoneos;
				SWIFT_COMPILATION_MODE = wholemodule;
				SWIFT_OPTIMIZATION_LEVEL = "-O";
				VALIDATE_PRODUCT = YES;
			};
			name = Release;
		};
		08DAE5442537D6E90059C83E /* Debug */ = {
			isa = XCBuildConfiguration;
			buildSettings = {
				ASSETCATALOG_COMPILER_APPICON_NAME = AppIcon;
				CODE_SIGN_STYLE = Automatic;
				DEVELOPMENT_TEAM = U4FMFNG9C4;
				INFOPLIST_FILE = Parstagram/Info.plist;
				LD_RUNPATH_SEARCH_PATHS = (
					"$(inherited)",
					"@executable_path/Frameworks",
				);
				PRODUCT_BUNDLE_IDENTIFIER = "com.konst-nvc.Parstagram";
				PRODUCT_NAME = "$(TARGET_NAME)";
				SWIFT_VERSION = 5.0;
				TARGETED_DEVICE_FAMILY = "1,2";
			};
			name = Debug;
		};
		08DAE5452537D6E90059C83E /* Release */ = {
			isa = XCBuildConfiguration;
			buildSettings = {
				ASSETCATALOG_COMPILER_APPICON_NAME = AppIcon;
				CODE_SIGN_STYLE = Automatic;
				DEVELOPMENT_TEAM = U4FMFNG9C4;
				INFOPLIST_FILE = Parstagram/Info.plist;
				LD_RUNPATH_SEARCH_PATHS = (
					"$(inherited)",
					"@executable_path/Frameworks",
				);
				PRODUCT_BUNDLE_IDENTIFIER = "com.konst-nvc.Parstagram";
				PRODUCT_NAME = "$(TARGET_NAME)";
				SWIFT_VERSION = 5.0;
				TARGETED_DEVICE_FAMILY = "1,2";
			};
			name = Release;
		};
		08DAE5472537D6E90059C83E /* Debug */ = {
			isa = XCBuildConfiguration;
			buildSettings = {
				ALWAYS_EMBED_SWIFT_STANDARD_LIBRARIES = YES;
				BUNDLE_LOADER = "$(TEST_HOST)";
				CODE_SIGN_STYLE = Automatic;
				DEVELOPMENT_TEAM = U4FMFNG9C4;
				INFOPLIST_FILE = ParstagramTests/Info.plist;
				LD_RUNPATH_SEARCH_PATHS = (
					"$(inherited)",
					"@executable_path/Frameworks",
					"@loader_path/Frameworks",
				);
				PRODUCT_BUNDLE_IDENTIFIER = "com.konst-nvc.ParstagramTests";
				PRODUCT_NAME = "$(TARGET_NAME)";
				SWIFT_VERSION = 5.0;
				TARGETED_DEVICE_FAMILY = "1,2";
				TEST_HOST = "$(BUILT_PRODUCTS_DIR)/Parstagram.app/Parstagram";
			};
			name = Debug;
		};
		08DAE5482537D6E90059C83E /* Release */ = {
			isa = XCBuildConfiguration;
			buildSettings = {
				ALWAYS_EMBED_SWIFT_STANDARD_LIBRARIES = YES;
				BUNDLE_LOADER = "$(TEST_HOST)";
				CODE_SIGN_STYLE = Automatic;
				DEVELOPMENT_TEAM = U4FMFNG9C4;
				INFOPLIST_FILE = ParstagramTests/Info.plist;
				LD_RUNPATH_SEARCH_PATHS = (
					"$(inherited)",
					"@executable_path/Frameworks",
					"@loader_path/Frameworks",
				);
				PRODUCT_BUNDLE_IDENTIFIER = "com.konst-nvc.ParstagramTests";
				PRODUCT_NAME = "$(TARGET_NAME)";
				SWIFT_VERSION = 5.0;
				TARGETED_DEVICE_FAMILY = "1,2";
				TEST_HOST = "$(BUILT_PRODUCTS_DIR)/Parstagram.app/Parstagram";
			};
			name = Release;
		};
		08DAE54A2537D6E90059C83E /* Debug */ = {
			isa = XCBuildConfiguration;
			buildSettings = {
				ALWAYS_EMBED_SWIFT_STANDARD_LIBRARIES = YES;
				CODE_SIGN_STYLE = Automatic;
				DEVELOPMENT_TEAM = U4FMFNG9C4;
				INFOPLIST_FILE = ParstagramUITests/Info.plist;
				LD_RUNPATH_SEARCH_PATHS = (
					"$(inherited)",
					"@executable_path/Frameworks",
					"@loader_path/Frameworks",
				);
				PRODUCT_BUNDLE_IDENTIFIER = "com.konst-nvc.ParstagramUITests";
				PRODUCT_NAME = "$(TARGET_NAME)";
				SWIFT_VERSION = 5.0;
				TARGETED_DEVICE_FAMILY = "1,2";
				TEST_TARGET_NAME = Parstagram;
			};
			name = Debug;
		};
		08DAE54B2537D6E90059C83E /* Release */ = {
			isa = XCBuildConfiguration;
			buildSettings = {
				ALWAYS_EMBED_SWIFT_STANDARD_LIBRARIES = YES;
				CODE_SIGN_STYLE = Automatic;
				DEVELOPMENT_TEAM = U4FMFNG9C4;
				INFOPLIST_FILE = ParstagramUITests/Info.plist;
				LD_RUNPATH_SEARCH_PATHS = (
					"$(inherited)",
					"@executable_path/Frameworks",
					"@loader_path/Frameworks",
				);
				PRODUCT_BUNDLE_IDENTIFIER = "com.konst-nvc.ParstagramUITests";
				PRODUCT_NAME = "$(TARGET_NAME)";
				SWIFT_VERSION = 5.0;
				TARGETED_DEVICE_FAMILY = "1,2";
				TEST_TARGET_NAME = Parstagram;
			};
			name = Release;
		};
/* End XCBuildConfiguration section */

/* Begin XCConfigurationList section */
		08DAE5162537D6E60059C83E /* Build configuration list for PBXProject "Parstagram" */ = {
			isa = XCConfigurationList;
			buildConfigurations = (
				08DAE5412537D6E90059C83E /* Debug */,
				08DAE5422537D6E90059C83E /* Release */,
			);
			defaultConfigurationIsVisible = 0;
			defaultConfigurationName = Release;
		};
		08DAE5432537D6E90059C83E /* Build configuration list for PBXNativeTarget "Parstagram" */ = {
			isa = XCConfigurationList;
			buildConfigurations = (
				08DAE5442537D6E90059C83E /* Debug */,
				08DAE5452537D6E90059C83E /* Release */,
			);
			defaultConfigurationIsVisible = 0;
			defaultConfigurationName = Release;
		};
		08DAE5462537D6E90059C83E /* Build configuration list for PBXNativeTarget "ParstagramTests" */ = {
			isa = XCConfigurationList;
			buildConfigurations = (
				08DAE5472537D6E90059C83E /* Debug */,
				08DAE5482537D6E90059C83E /* Release */,
			);
			defaultConfigurationIsVisible = 0;
			defaultConfigurationName = Release;
		};
		08DAE5492537D6E90059C83E /* Build configuration list for PBXNativeTarget "ParstagramUITests" */ = {
			isa = XCConfigurationList;
			buildConfigurations = (
				08DAE54A2537D6E90059C83E /* Debug */,
				08DAE54B2537D6E90059C83E /* Release */,
			);
			defaultConfigurationIsVisible = 0;
			defaultConfigurationName = Release;
		};
/* End XCConfigurationList section */
	};
	rootObject = 08DAE5132537D6E60059C83E /* Project object */;
}
