// !$*UTF8*$!
{
	archiveVersion = 1;
	classes = {
	};
	objectVersion = 51;
	objects = {

/* Begin PBXBuildFile section */
		0815A0F62541193A00E29B98 /* CommentCell.swift in Sources */ = {isa = PBXBuildFile; fileRef = 0815A0F52541193A00E29B98 /* CommentCell.swift */; };
		08DAE51F2537D6E60059C83E /* AppDelegate.swift in Sources */ = {isa = PBXBuildFile; fileRef = 08DAE51E2537D6E60059C83E /* AppDelegate.swift */; };
		08DAE5242537D6E60059C83E /* Main.storyboard in Resources */ = {isa = PBXBuildFile; fileRef = 08DAE5222537D6E60059C83E /* Main.storyboard */; };
		08DAE5262537D6E80059C83E /* Assets.xcassets in Resources */ = {isa = PBXBuildFile; fileRef = 08DAE5252537D6E80059C83E /* Assets.xcassets */; };
		08DAE5292537D6E80059C83E /* LaunchScreen.storyboard in Resources */ = {isa = PBXBuildFile; fileRef = 08DAE5272537D6E80059C83E /* LaunchScreen.storyboard */; };
		08DAE5342537D6E80059C83E /* ParstagramTests.swift in Sources */ = {isa = PBXBuildFile; fileRef = 08DAE5332537D6E80059C83E /* ParstagramTests.swift */; };
		08DAE53F2537D6E80059C83E /* ParstagramUITests.swift in Sources */ = {isa = PBXBuildFile; fileRef = 08DAE53E2537D6E80059C83E /* ParstagramUITests.swift */; };
		08DAE54D2537D7B90059C83E /* LoginViewController.swift in Sources */ = {isa = PBXBuildFile; fileRef = 08DAE54C2537D7B90059C83E /* LoginViewController.swift */; };
		08DAE54F2537D7DD0059C83E /* FeedViewController.swift in Sources */ = {isa = PBXBuildFile; fileRef = 08DAE54E2537D7DD0059C83E /* FeedViewController.swift */; };
		08DAE5552537DA080059C83E /* Instagram Media in Resources */ = {isa = PBXBuildFile; fileRef = 08DAE5542537DA080059C83E /* Instagram Media */; };
		08DAE5572537E7670059C83E /* CameraViewController.swift in Sources */ = {isa = PBXBuildFile; fileRef = 08DAE5562537E7670059C83E /* CameraViewController.swift */; };
		08DAE5592537F5B80059C83E /* PostCell.swift in Sources */ = {isa = PBXBuildFile; fileRef = 08DAE5582537F5B80059C83E /* PostCell.swift */; };
		2CB6C9819BA0D30982BCDD9C /* Pods_Parstagram_ParstagramUITests.framework in Frameworks */ = {isa = PBXBuildFile; fileRef = EB6204440DD0AD232FC4B703 /* Pods_Parstagram_ParstagramUITests.framework */; };
		B087EA6B653584A992DA3D36 /* Pods_Parstagram.framework in Frameworks */ = {isa = PBXBuildFile; fileRef = 1A48D47B298D4FCDC42EA604 /* Pods_Parstagram.framework */; };
		B3C40533AE5B8AA6D0BECF0C /* Pods_ParstagramTests.framework in Frameworks */ = {isa = PBXBuildFile; fileRef = A34ED5CE1094255508D7A4CC /* Pods_ParstagramTests.framework */; };
/* End PBXBuildFile section */

/* Begin PBXContainerItemProxy section */
		08DAE5302537D6E80059C83E /* PBXContainerItemProxy */ = {
			isa = PBXContainerItemProxy;
			containerPortal = 08DAE5132537D6E60059C83E /* Project object */;
			proxyType = 1;
			remoteGlobalIDString = 08DAE51A2537D6E60059C83E;
			remoteInfo = Parstagram;
		};
		08DAE53B2537D6E80059C83E /* PBXContainerItemProxy */ = {
			isa = PBXContainerItemProxy;
			containerPortal = 08DAE5132537D6E60059C83E /* Project object */;
			proxyType = 1;
			remoteGlobalIDString = 08DAE51A2537D6E60059C83E;
			remoteInfo = Parstagram;
		};
/* End PBXContainerItemProxy section */

/* Begin PBXFileReference section */
		00F89B0E569F58A803A3BA38 /* Pods-Parstagram-ParstagramUITests.release.xcconfig */ = {isa = PBXFileReference; includeInIndex = 1; lastKnownFileType = text.xcconfig; name = "Pods-Parstagram-ParstagramUITests.release.xcconfig"; path = "Target Support Files/Pods-Parstagram-ParstagramUITests/Pods-Parstagram-ParstagramUITests.release.xcconfig"; sourceTree = "<group>"; };
		0815A0F52541193A00E29B98 /* CommentCell.swift */ = {isa = PBXFileReference; lastKnownFileType = sourcecode.swift; path = CommentCell.swift; sourceTree = "<group>"; };
		08DAE51B2537D6E60059C83E /* Parstagram.app */ = {isa = PBXFileReference; explicitFileType = wrapper.application; includeInIndex = 0; path = Parstagram.app; sourceTree = BUILT_PRODUCTS_DIR; };
		08DAE51E2537D6E60059C83E /* AppDelegate.swift */ = {isa = PBXFileReference; lastKnownFileType = sourcecode.swift; path = AppDelegate.swift; sourceTree = "<group>"; };
		08DAE5232537D6E60059C83E /* Base */ = {isa = PBXFileReference; lastKnownFileType = file.storyboard; name = Base; path = Base.lproj/Main.storyboard; sourceTree = "<group>"; };
		08DAE5252537D6E80059C83E /* Assets.xcassets */ = {isa = PBXFileReference; lastKnownFileType = folder.assetcatalog; path = Assets.xcassets; sourceTree = "<group>"; };
		08DAE5282537D6E80059C83E /* Base */ = {isa = PBXFileReference; lastKnownFileType = file.storyboard; name = Base; path = Base.lproj/LaunchScreen.storyboard; sourceTree = "<group>"; };
		08DAE52A2537D6E80059C83E /* Info.plist */ = {isa = PBXFileReference; lastKnownFileType = text.plist.xml; path = Info.plist; sourceTree = "<group>"; };
		08DAE52F2537D6E80059C83E /* ParstagramTests.xctest */ = {isa = PBXFileReference; explicitFileType = wrapper.cfbundle; includeInIndex = 0; path = ParstagramTests.xctest; sourceTree = BUILT_PRODUCTS_DIR; };
		08DAE5332537D6E80059C83E /* ParstagramTests.swift */ = {isa = PBXFileReference; lastKnownFileType = sourcecode.swift; path = ParstagramTests.swift; sourceTree = "<group>"; };
		08DAE5352537D6E80059C83E /* Info.plist */ = {isa = PBXFileReference; lastKnownFileType = text.plist.xml; path = Info.plist; sourceTree = "<group>"; };
		08DAE53A2537D6E80059C83E /* ParstagramUITests.xctest */ = {isa = PBXFileReference; explicitFileType = wrapper.cfbundle; includeInIndex = 0; path = ParstagramUITests.xctest; sourceTree = BUILT_PRODUCTS_DIR; };
		08DAE53E2537D6E80059C83E /* ParstagramUITests.swift */ = {isa = PBXFileReference; lastKnownFileType = sourcecode.swift; path = ParstagramUITests.swift; sourceTree = "<group>"; };
		08DAE5402537D6E90059C83E /* Info.plist */ = {isa = PBXFileReference; lastKnownFileType = text.plist.xml; path = Info.plist; sourceTree = "<group>"; };
		08DAE54C2537D7B90059C83E /* LoginViewController.swift */ = {isa = PBXFileReference; lastKnownFileType = sourcecode.swift; path = LoginViewController.swift; sourceTree = "<group>"; };
		08DAE54E2537D7DD0059C83E /* FeedViewController.swift */ = {isa = PBXFileReference; lastKnownFileType = sourcecode.swift; path = FeedViewController.swift; sourceTree = "<group>"; };
		08DAE5542537DA080059C83E /* Instagram Media */ = {isa = PBXFileReference; lastKnownFileType = folder; path = "Instagram Media"; sourceTree = "<group>"; };
		08DAE5562537E7670059C83E /* CameraViewController.swift */ = {isa = PBXFileReference; lastKnownFileType = sourcecode.swift; path = CameraViewController.swift; sourceTree = "<group>"; };
		08DAE5582537F5B80059C83E /* PostCell.swift */ = {isa = PBXFileReference; lastKnownFileType = sourcecode.swift; path = PostCell.swift; sourceTree = "<group>"; };
		0B0F464CC26983EBED76A9CC /* Pods-Parstagram.debug.xcconfig */ = {isa = PBXFileReference; includeInIndex = 1; lastKnownFileType = text.xcconfig; name = "Pods-Parstagram.debug.xcconfig"; path = "Target Support Files/Pods-Parstagram/Pods-Parstagram.debug.xcconfig"; sourceTree = "<group>"; };
		0D42D0F5AC883A3CBAB17E6C /* Pods-ParstagramTests.debug.xcconfig */ = {isa = PBXFileReference; includeInIndex = 1; lastKnownFileType = text.xcconfig; name = "Pods-ParstagramTests.debug.xcconfig"; path = "Target Support Files/Pods-ParstagramTests/Pods-ParstagramTests.debug.xcconfig"; sourceTree = "<group>"; };
		1A48D47B298D4FCDC42EA604 /* Pods_Parstagram.framework */ = {isa = PBXFileReference; explicitFileType = wrapper.framework; includeInIndex = 0; path = Pods_Parstagram.framework; sourceTree = BUILT_PRODUCTS_DIR; };
		7C9D7964C791CD2B89538A4C /* Pods-Parstagram.release.xcconfig */ = {isa = PBXFileReference; includeInIndex = 1; lastKnownFileType = text.xcconfig; name = "Pods-Parstagram.release.xcconfig"; path = "Target Support Files/Pods-Parstagram/Pods-Parstagram.release.xcconfig"; sourceTree = "<group>"; };
		A34ED5CE1094255508D7A4CC /* Pods_ParstagramTests.framework */ = {isa = PBXFileReference; explicitFileType = wrapper.framework; includeInIndex = 0; path = Pods_ParstagramTests.framework; sourceTree = BUILT_PRODUCTS_DIR; };
		EB6204440DD0AD232FC4B703 /* Pods_Parstagram_ParstagramUITests.framework */ = {isa = PBXFileReference; explicitFileType = wrapper.framework; includeInIndex = 0; path = Pods_Parstagram_ParstagramUITests.framework; sourceTree = BUILT_PRODUCTS_DIR; };
		F674213356C536181295E6EA /* Pods-Parstagram-ParstagramUITests.debug.xcconfig */ = {isa = PBXFileReference; includeInIndex = 1; lastKnownFileType = text.xcconfig; name = "Pods-Parstagram-ParstagramUITests.debug.xcconfig"; path = "Target Support Files/Pods-Parstagram-ParstagramUITests/Pods-Parstagram-ParstagramUITests.debug.xcconfig"; sourceTree = "<group>"; };
		FB36D944AD77EFD461C0FB11 /* Pods-ParstagramTests.release.xcconfig */ = {isa = PBXFileReference; includeInIndex = 1; lastKnownFileType = text.xcconfig; name = "Pods-ParstagramTests.release.xcconfig"; path = "Target Support Files/Pods-ParstagramTests/Pods-ParstagramTests.release.xcconfig"; sourceTree = "<group>"; };
/* End PBXFileReference section */

/* Begin PBXFrameworksBuildPhase section */
		08DAE5182537D6E60059C83E /* Frameworks */ = {
			isa = PBXFrameworksBuildPhase;
			buildActionMask = 2147483647;
			files = (
				B087EA6B653584A992DA3D36 /* Pods_Parstagram.framework in Frameworks */,
			);
			runOnlyForDeploymentPostprocessing = 0;
		};
		08DAE52C2537D6E80059C83E /* Frameworks */ = {
			isa = PBXFrameworksBuildPhase;
			buildActionMask = 2147483647;
			files = (
				B3C40533AE5B8AA6D0BECF0C /* Pods_ParstagramTests.framework in Frameworks */,
			);
			runOnlyForDeploymentPostprocessing = 0;
		};
		08DAE5372537D6E80059C83E /* Frameworks */ = {
			isa = PBXFrameworksBuildPhase;
			buildActionMask = 2147483647;
			files = (
				2CB6C9819BA0D30982BCDD9C /* Pods_Parstagram_ParstagramUITests.framework in Frameworks */,
			);
			runOnlyForDeploymentPostprocessing = 0;
		};
/* End PBXFrameworksBuildPhase section */

/* Begin PBXGroup section */
		08DAE5122537D6E60059C83E = {
			isa = PBXGroup;
			children = (
				08DAE5542537DA080059C83E /* Instagram Media */,
				08DAE51D2537D6E60059C83E /* Parstagram */,
				08DAE5322537D6E80059C83E /* ParstagramTests */,
				08DAE53D2537D6E80059C83E /* ParstagramUITests */,
				08DAE51C2537D6E60059C83E /* Products */,
				3E18776DD8E9D1ABBA3405D5 /* Pods */,
				1B0083CB386AB4922A8A98DC /* Frameworks */,
			);
			sourceTree = "<group>";
		};
		08DAE51C2537D6E60059C83E /* Products */ = {
			isa = PBXGroup;
			children = (
				08DAE51B2537D6E60059C83E /* Parstagram.app */,
				08DAE52F2537D6E80059C83E /* ParstagramTests.xctest */,
				08DAE53A2537D6E80059C83E /* ParstagramUITests.xctest */,
			);
			name = Products;
			sourceTree = "<group>";
		};
		08DAE51D2537D6E60059C83E /* Parstagram */ = {
			isa = PBXGroup;
			children = (
				08DAE51E2537D6E60059C83E /* AppDelegate.swift */,
				08DAE5222537D6E60059C83E /* Main.storyboard */,
				08DAE5582537F5B80059C83E /* PostCell.swift */,
				08DAE5252537D6E80059C83E /* Assets.xcassets */,
				08DAE5272537D6E80059C83E /* LaunchScreen.storyboard */,
				08DAE52A2537D6E80059C83E /* Info.plist */,
				08DAE54C2537D7B90059C83E /* LoginViewController.swift */,
				08DAE54E2537D7DD0059C83E /* FeedViewController.swift */,
				08DAE5562537E7670059C83E /* CameraViewController.swift */,
				0815A0F52541193A00E29B98 /* CommentCell.swift */,
			);
			path = Parstagram;
			sourceTree = "<group>";
		};
		08DAE5322537D6E80059C83E /* ParstagramTests */ = {
			isa = PBXGroup;
			children = (
				08DAE5332537D6E80059C83E /* ParstagramTests.swift */,
				08DAE5352537D6E80059C83E /* Info.plist */,
			);
			path = ParstagramTests;
			sourceTree = "<group>";
		};
		08DAE53D2537D6E80059C83E /* ParstagramUITests */ = {
			isa = PBXGroup;
			children = (
				08DAE53E2537D6E80059C83E /* ParstagramUITests.swift */,
				08DAE5402537D6E90059C83E /* Info.plist */,
			);
			path = ParstagramUITests;
			sourceTree = "<group>";
		};
		1B0083CB386AB4922A8A98DC /* Frameworks */ = {
			isa = PBXGroup;
			children = (
				1A48D47B298D4FCDC42EA604 /* Pods_Parstagram.framework */,
				EB6204440DD0AD232FC4B703 /* Pods_Parstagram_ParstagramUITests.framework */,
				A34ED5CE1094255508D7A4CC /* Pods_ParstagramTests.framework */,
			);
			name = Frameworks;
			sourceTree = "<group>";
		};
		3E18776DD8E9D1ABBA3405D5 /* Pods */ = {
			isa = PBXGroup;
			children = (
				0B0F464CC26983EBED76A9CC /* Pods-Parstagram.debug.xcconfig */,
				7C9D7964C791CD2B89538A4C /* Pods-Parstagram.release.xcconfig */,
				F674213356C536181295E6EA /* Pods-Parstagram-ParstagramUITests.debug.xcconfig */,
				00F89B0E569F58A803A3BA38 /* Pods-Parstagram-ParstagramUITests.release.xcconfig */,
				0D42D0F5AC883A3CBAB17E6C /* Pods-ParstagramTests.debug.xcconfig */,
				FB36D944AD77EFD461C0FB11 /* Pods-ParstagramTests.release.xcconfig */,
			);
			path = Pods;
			sourceTree = "<group>";
		};
/* End PBXGroup section */

/* Begin PBXNativeTarget section */
		08DAE51A2537D6E60059C83E /* Parstagram */ = {
			isa = PBXNativeTarget;
			buildConfigurationList = 08DAE5432537D6E90059C83E /* Build configuration list for PBXNativeTarget "Parstagram" */;
			buildPhases = (
				F1AA6E7D89B7F90D0CDED728 /* [CP] Check Pods Manifest.lock */,
				08DAE5172537D6E60059C83E /* Sources */,
				08DAE5182537D6E60059C83E /* Frameworks */,
				08DAE5192537D6E60059C83E /* Resources */,
				7CD12C02046CCA7A7DF7364C /* [CP] Embed Pods Frameworks */,
			);
			buildRules = (
			);
			dependencies = (
			);
			name = Parstagram;
			productName = Parstagram;
			productReference = 08DAE51B2537D6E60059C83E /* Parstagram.app */;
			productType = "com.apple.product-type.application";
		};
		08DAE52E2537D6E80059C83E /* ParstagramTests */ = {
			isa = PBXNativeTarget;
			buildConfigurationList = 08DAE5462537D6E90059C83E /* Build configuration list for PBXNativeTarget "ParstagramTests" */;
			buildPhases = (
				459030BE591875C7A6224B3E /* [CP] Check Pods Manifest.lock */,
				08DAE52B2537D6E80059C83E /* Sources */,
				08DAE52C2537D6E80059C83E /* Frameworks */,
				08DAE52D2537D6E80059C83E /* Resources */,
			);
			buildRules = (
			);
			dependencies = (
				08DAE5312537D6E80059C83E /* PBXTargetDependency */,
			);
			name = ParstagramTests;
			productName = ParstagramTests;
			productReference = 08DAE52F2537D6E80059C83E /* ParstagramTests.xctest */;
			productType = "com.apple.product-type.bundle.unit-test";
		};
		08DAE5392537D6E80059C83E /* ParstagramUITests */ = {
			isa = PBXNativeTarget;
			buildConfigurationList = 08DAE5492537D6E90059C83E /* Build configuration list for PBXNativeTarget "ParstagramUITests" */;
			buildPhases = (
				EA94F64B28927AFCFE26BBB5 /* [CP] Check Pods Manifest.lock */,
				08DAE5362537D6E80059C83E /* Sources */,
				08DAE5372537D6E80059C83E /* Frameworks */,
				08DAE5382537D6E80059C83E /* Resources */,
				DE526FF92E2AD5274A9BC3FC /* [CP] Embed Pods Frameworks */,
			);
			buildRules = (
			);
			dependencies = (
				08DAE53C2537D6E80059C83E /* PBXTargetDependency */,
			);
			name = ParstagramUITests;
			productName = ParstagramUITests;
			productReference = 08DAE53A2537D6E80059C83E /* ParstagramUITests.xctest */;
			productType = "com.apple.product-type.bundle.ui-testing";
		};
/* End PBXNativeTarget section */

/* Begin PBXProject section */
		08DAE5132537D6E60059C83E /* Project object */ = {
			isa = PBXProject;
			attributes = {
				LastSwiftUpdateCheck = 1020;
				LastUpgradeCheck = 1020;
				ORGANIZATIONNAME = konst_nvc;
				TargetAttributes = {
					08DAE51A2537D6E60059C83E = {
						CreatedOnToolsVersion = 10.2.1;
					};
					08DAE52E2537D6E80059C83E = {
						CreatedOnToolsVersion = 10.2.1;
						TestTargetID = 08DAE51A2537D6E60059C83E;
					};
					08DAE5392537D6E80059C83E = {
						CreatedOnToolsVersion = 10.2.1;
						TestTargetID = 08DAE51A2537D6E60059C83E;
					};
				};
			};
			buildConfigurationList = 08DAE5162537D6E60059C83E /* Build configuration list for PBXProject "Parstagram" */;
			compatibilityVersion = "Xcode 9.3";
			developmentRegion = en;
			hasScannedForEncodings = 0;
			knownRegions = (
				en,
				Base,
			);
			mainGroup = 08DAE5122537D6E60059C83E;
			productRefGroup = 08DAE51C2537D6E60059C83E /* Products */;
			projectDirPath = "";
			projectRoot = "";
			targets = (
				08DAE51A2537D6E60059C83E /* Parstagram */,
				08DAE52E2537D6E80059C83E /* ParstagramTests */,
				08DAE5392537D6E80059C83E /* ParstagramUITests */,
			);
		};
/* End PBXProject section */

/* Begin PBXResourcesBuildPhase section */
		08DAE5192537D6E60059C83E /* Resources */ = {
			isa = PBXResourcesBuildPhase;
			buildActionMask = 2147483647;
			files = (
				08DAE5292537D6E80059C83E /* LaunchScreen.storyboard in Resources */,
				08DAE5552537DA080059C83E /* Instagram Media in Resources */,
				08DAE5262537D6E80059C83E /* Assets.xcassets in Resources */,
				08DAE5242537D6E60059C83E /* Main.storyboard in Resources */,
			);
			runOnlyForDeploymentPostprocessing = 0;
		};
		08DAE52D2537D6E80059C83E /* Resources */ = {
			isa = PBXResourcesBuildPhase;
			buildActionMask = 2147483647;
			files = (
			);
			runOnlyForDeploymentPostprocessing = 0;
		};
		08DAE5382537D6E80059C83E /* Resources */ = {
			isa = PBXResourcesBuildPhase;
			buildActionMask = 2147483647;
			files = (
			);
			runOnlyForDeploymentPostprocessing = 0;
		};
/* End PBXResourcesBuildPhase section */

/* Begin PBXShellScriptBuildPhase section */
		459030BE591875C7A6224B3E /* [CP] Check Pods Manifest.lock */ = {
			isa = PBXShellScriptBuildPhase;
			buildActionMask = 2147483647;
			files = (
			);
			inputFileListPaths = (
			);
			inputPaths = (
				"${PODS_PODFILE_DIR_PATH}/Podfile.lock",
				"${PODS_ROOT}/Manifest.lock",
			);
			name = "[CP] Check Pods Manifest.lock";
			outputFileListPaths = (
			);
			outputPaths = (
				"$(DERIVED_FILE_DIR)/Pods-ParstagramTests-checkManifestLockResult.txt",
			);
			runOnlyForDeploymentPostprocessing = 0;
			shellPath = /bin/sh;
			shellScript = "diff \"${PODS_PODFILE_DIR_PATH}/Podfile.lock\" \"${PODS_ROOT}/Manifest.lock\" > /dev/null\nif [ $? != 0 ] ; then\n    # print error to STDERR\n    echo \"error: The sandbox is not in sync with the Podfile.lock. Run 'pod install' or update your CocoaPods installation.\" >&2\n    exit 1\nfi\n# This output is used by Xcode 'outputs' to avoid re-running this script phase.\necho \"SUCCESS\" > \"${SCRIPT_OUTPUT_FILE_0}\"\n";
			showEnvVarsInLog = 0;
		};
		7CD12C02046CCA7A7DF7364C /* [CP] Embed Pods Frameworks */ = {
			isa = PBXShellScriptBuildPhase;
			buildActionMask = 2147483647;
			files = (
			);
			inputFileListPaths = (
				"${PODS_ROOT}/Target Support Files/Pods-Parstagram/Pods-Parstagram-frameworks-${CONFIGURATION}-input-files.xcfilelist",
			);
			name = "[CP] Embed Pods Frameworks";
			outputFileListPaths = (
				"${PODS_ROOT}/Target Support Files/Pods-Parstagram/Pods-Parstagram-frameworks-${CONFIGURATION}-output-files.xcfilelist",
			);
			runOnlyForDeploymentPostprocessing = 0;
			shellPath = /bin/sh;
			shellScript = "\"${PODS_ROOT}/Target Support Files/Pods-Parstagram/Pods-Parstagram-frameworks.sh\"\n";
			showEnvVarsInLog = 0;
		};
		DE526FF92E2AD5274A9BC3FC /* [CP] Embed Pods Frameworks */ = {
			isa = PBXShellScriptBuildPhase;
			buildActionMask = 2147483647;
			files = (
			);
			inputFileListPaths = (
				"${PODS_ROOT}/Target Support Files/Pods-Parstagram-ParstagramUITests/Pods-Parstagram-ParstagramUITests-frameworks-${CONFIGURATION}-input-files.xcfilelist",
			);
			name = "[CP] Embed Pods Frameworks";
			outputFileListPaths = (
				"${PODS_ROOT}/Target Support Files/Pods-Parstagram-ParstagramUITests/Pods-Parstagram-ParstagramUITests-frameworks-${CONFIGURATION}-output-files.xcfilelist",
			);
			runOnlyForDeploymentPostprocessing = 0;
			shellPath = /bin/sh;
			shellScript = "\"${PODS_ROOT}/Target Support Files/Pods-Parstagram-ParstagramUITests/Pods-Parstagram-ParstagramUITests-frameworks.sh\"\n";
			showEnvVarsInLog = 0;
		};
		EA94F64B28927AFCFE26BBB5 /* [CP] Check Pods Manifest.lock */ = {
			isa = PBXShellScriptBuildPhase;
			buildActionMask = 2147483647;
			files = (
			);
			inputFileListPaths = (
			);
			inputPaths = (
				"${PODS_PODFILE_DIR_PATH}/Podfile.lock",
				"${PODS_ROOT}/Manifest.lock",
			);
			name = "[CP] Check Pods Manifest.lock";
			outputFileListPaths = (
			);
			outputPaths = (
				"$(DERIVED_FILE_DIR)/Pods-Parstagram-ParstagramUITests-checkManifestLockResult.txt",
			);
			runOnlyForDeploymentPostprocessing = 0;
			shellPath = /bin/sh;
			shellScript = "diff \"${PODS_PODFILE_DIR_PATH}/Podfile.lock\" \"${PODS_ROOT}/Manifest.lock\" > /dev/null\nif [ $? != 0 ] ; then\n    # print error to STDERR\n    echo \"error: The sandbox is not in sync with the Podfile.lock. Run 'pod install' or update your CocoaPods installation.\" >&2\n    exit 1\nfi\n# This output is used by Xcode 'outputs' to avoid re-running this script phase.\necho \"SUCCESS\" > \"${SCRIPT_OUTPUT_FILE_0}\"\n";
			showEnvVarsInLog = 0;
		};
		F1AA6E7D89B7F90D0CDED728 /* [CP] Check Pods Manifest.lock */ = {
			isa = PBXShellScriptBuildPhase;
			buildActionMask = 2147483647;
			files = (
			);
			inputFileListPaths = (
			);
			inputPaths = (
				"${PODS_PODFILE_DIR_PATH}/Podfile.lock",
				"${PODS_ROOT}/Manifest.lock",
			);
			name = "[CP] Check Pods Manifest.lock";
			outputFileListPaths = (
			);
			outputPaths = (
				"$(DERIVED_FILE_DIR)/Pods-Parstagram-checkManifestLockResult.txt",
			);
			runOnlyForDeploymentPostprocessing = 0;
			shellPath = /bin/sh;
			shellScript = "diff \"${PODS_PODFILE_DIR_PATH}/Podfile.lock\" \"${PODS_ROOT}/Manifest.lock\" > /dev/null\nif [ $? != 0 ] ; then\n    # print error to STDERR\n    echo \"error: The sandbox is not in sync with the Podfile.lock. Run 'pod install' or update your CocoaPods installation.\" >&2\n    exit 1\nfi\n# This output is used by Xcode 'outputs' to avoid re-running this script phase.\necho \"SUCCESS\" > \"${SCRIPT_OUTPUT_FILE_0}\"\n";
			showEnvVarsInLog = 0;
		};
/* End PBXShellScriptBuildPhase section */

/* Begin PBXSourcesBuildPhase section */
		08DAE5172537D6E60059C83E /* Sources */ = {
			isa = PBXSourcesBuildPhase;
			buildActionMask = 2147483647;
			files = (
				08DAE54D2537D7B90059C83E /* LoginViewController.swift in Sources */,
				08DAE5572537E7670059C83E /* CameraViewController.swift in Sources */,
				08DAE54F2537D7DD0059C83E /* FeedViewController.swift in Sources */,
				08DAE51F2537D6E60059C83E /* AppDelegate.swift in Sources */,
				08DAE5592537F5B80059C83E /* PostCell.swift in Sources */,
				0815A0F62541193A00E29B98 /* CommentCell.swift in Sources */,
			);
			runOnlyForDeploymentPostprocessing = 0;
		};
		08DAE52B2537D6E80059C83E /* Sources */ = {
			isa = PBXSourcesBuildPhase;
			buildActionMask = 2147483647;
			files = (
				08DAE5342537D6E80059C83E /* ParstagramTests.swift in Sources */,
			);
			runOnlyForDeploymentPostprocessing = 0;
		};
		08DAE5362537D6E80059C83E /* Sources */ = {
			isa = PBXSourcesBuildPhase;
			buildActionMask = 2147483647;
			files = (
				08DAE53F2537D6E80059C83E /* ParstagramUITests.swift in Sources */,
			);
			runOnlyForDeploymentPostprocessing = 0;
		};
/* End PBXSourcesBuildPhase section */

/* Begin PBXTargetDependency section */
		08DAE5312537D6E80059C83E /* PBXTargetDependency */ = {
			isa = PBXTargetDependency;
			target = 08DAE51A2537D6E60059C83E /* Parstagram */;
			targetProxy = 08DAE5302537D6E80059C83E /* PBXContainerItemProxy */;
		};
		08DAE53C2537D6E80059C83E /* PBXTargetDependency */ = {
			isa = PBXTargetDependency;
			target = 08DAE51A2537D6E60059C83E /* Parstagram */;
			targetProxy = 08DAE53B2537D6E80059C83E /* PBXContainerItemProxy */;
		};
/* End PBXTargetDependency section */

/* Begin PBXVariantGroup section */
		08DAE5222537D6E60059C83E /* Main.storyboard */ = {
			isa = PBXVariantGroup;
			children = (
				08DAE5232537D6E60059C83E /* Base */,
			);
			name = Main.storyboard;
			sourceTree = "<group>";
		};
		08DAE5272537D6E80059C83E /* LaunchScreen.storyboard */ = {
			isa = PBXVariantGroup;
			children = (
				08DAE5282537D6E80059C83E /* Base */,
			);
			name = LaunchScreen.storyboard;
			sourceTree = "<group>";
		};
/* End PBXVariantGroup section */

/* Begin XCBuildConfiguration section */
		08DAE5412537D6E90059C83E /* Debug */ = {
			isa = XCBuildConfiguration;
			buildSettings = {
				ALWAYS_SEARCH_USER_PATHS = NO;
				CLANG_ANALYZER_NONNULL = YES;
				CLANG_ANALYZER_NUMBER_OBJECT_CONVERSION = YES_AGGRESSIVE;
				CLANG_CXX_LANGUAGE_STANDARD = "gnu++14";
				CLANG_CXX_LIBRARY = "libc++";
				CLANG_ENABLE_MODULES = YES;
				CLANG_ENABLE_OBJC_ARC = YES;
				CLANG_ENABLE_OBJC_WEAK = YES;
				CLANG_WARN_BLOCK_CAPTURE_AUTORELEASING = YES;
				CLANG_WARN_BOOL_CONVERSION = YES;
				CLANG_WARN_COMMA = YES;
				CLANG_WARN_CONSTANT_CONVERSION = YES;
				CLANG_WARN_DEPRECATED_OBJC_IMPLEMENTATIONS = YES;
				CLANG_WARN_DIRECT_OBJC_ISA_USAGE = YES_ERROR;
				CLANG_WARN_DOCUMENTATION_COMMENTS = YES;
				CLANG_WARN_EMPTY_BODY = YES;
				CLANG_WARN_ENUM_CONVERSION = YES;
				CLANG_WARN_INFINITE_RECURSION = YES;
				CLANG_WARN_INT_CONVERSION = YES;
				CLANG_WARN_NON_LITERAL_NULL_CONVERSION = YES;
				CLANG_WARN_OBJC_IMPLICIT_RETAIN_SELF = YES;
				CLANG_WARN_OBJC_LITERAL_CONVERSION = YES;
				CLANG_WARN_OBJC_ROOT_CLASS = YES_ERROR;
				CLANG_WARN_RANGE_LOOP_ANALYSIS = YES;
				CLANG_WARN_STRICT_PROTOTYPES = YES;
				CLANG_WARN_SUSPICIOUS_MOVE = YES;
				CLANG_WARN_UNGUARDED_AVAILABILITY = YES_AGGRESSIVE;
				CLANG_WARN_UNREACHABLE_CODE = YES;
				CLANG_WARN__DUPLICATE_METHOD_MATCH = YES;
				CODE_SIGN_IDENTITY = "iPhone Developer";
				COPY_PHASE_STRIP = NO;
				DEBUG_INFORMATION_FORMAT = dwarf;
				ENABLE_STRICT_OBJC_MSGSEND = YES;
				ENABLE_TESTABILITY = YES;
				GCC_C_LANGUAGE_STANDARD = gnu11;
				GCC_DYNAMIC_NO_PIC = NO;
				GCC_NO_COMMON_BLOCKS = YES;
				GCC_OPTIMIZATION_LEVEL = 0;
				GCC_PREPROCESSOR_DEFINITIONS = (
					"DEBUG=1",
					"$(inherited)",
				);
				GCC_WARN_64_TO_32_BIT_CONVERSION = YES;
				GCC_WARN_ABOUT_RETURN_TYPE = YES_ERROR;
				GCC_WARN_UNDECLARED_SELECTOR = YES;
				GCC_WARN_UNINITIALIZED_AUTOS = YES_AGGRESSIVE;
				GCC_WARN_UNUSED_FUNCTION = YES;
				GCC_WARN_UNUSED_VARIABLE = YES;
				IPHONEOS_DEPLOYMENT_TARGET = 12.2;
				MTL_ENABLE_DEBUG_INFO = INCLUDE_SOURCE;
				MTL_FAST_MATH = YES;
				ONLY_ACTIVE_ARCH = YES;
				SDKROOT = iphoneos;
				SWIFT_ACTIVE_COMPILATION_CONDITIONS = DEBUG;
				SWIFT_OPTIMIZATION_LEVEL = "-Onone";
			};
			name = Debug;
		};
		08DAE5422537D6E90059C83E /* Release */ = {
			isa = XCBuildConfiguration;
			buildSettings = {
				ALWAYS_SEARCH_USER_PATHS = NO;
				CLANG_ANALYZER_NONNULL = YES;
				CLANG_ANALYZER_NUMBER_OBJECT_CONVERSION = YES_AGGRESSIVE;
				CLANG_CXX_LANGUAGE_STANDARD = "gnu++14";
				CLANG_CXX_LIBRARY = "libc++";
				CLANG_ENABLE_MODULES = YES;
				CLANG_ENABLE_OBJC_ARC = YES;
				CLANG_ENABLE_OBJC_WEAK = YES;
				CLANG_WARN_BLOCK_CAPTURE_AUTORELEASING = YES;
				CLANG_WARN_BOOL_CONVERSION = YES;
				CLANG_WARN_COMMA = YES;
				CLANG_WARN_CONSTANT_CONVERSION = YES;
				CLANG_WARN_DEPRECATED_OBJC_IMPLEMENTATIONS = YES;
				CLANG_WARN_DIRECT_OBJC_ISA_USAGE = YES_ERROR;
				CLANG_WARN_DOCUMENTATION_COMMENTS = YES;
				CLANG_WARN_EMPTY_BODY = YES;
				CLANG_WARN_ENUM_CONVERSION = YES;
				CLANG_WARN_INFINITE_RECURSION = YES;
				CLANG_WARN_INT_CONVERSION = YES;
				CLANG_WARN_NON_LITERAL_NULL_CONVERSION = YES;
				CLANG_WARN_OBJC_IMPLICIT_RETAIN_SELF = YES;
				CLANG_WARN_OBJC_LITERAL_CONVERSION = YES;
				CLANG_WARN_OBJC_ROOT_CLASS = YES_ERROR;
				CLANG_WARN_RANGE_LOOP_ANALYSIS = YES;
				CLANG_WARN_STRICT_PROTOTYPES = YES;
				CLANG_WARN_SUSPICIOUS_MOVE = YES;
				CLANG_WARN_UNGUARDED_AVAILABILITY = YES_AGGRESSIVE;
				CLANG_WARN_UNREACHABLE_CODE = YES;
				CLANG_WARN__DUPLICATE_METHOD_MATCH = YES;
				CODE_SIGN_IDENTITY = "iPhone Developer";
				COPY_PHASE_STRIP = NO;
				DEBUG_INFORMATION_FORMAT = "dwarf-with-dsym";
				ENABLE_NS_ASSERTIONS = NO;
				ENABLE_STRICT_OBJC_MSGSEND = YES;
				GCC_C_LANGUAGE_STANDARD = gnu11;
				GCC_NO_COMMON_BLOCKS = YES;
				GCC_WARN_64_TO_32_BIT_CONVERSION = YES;
				GCC_WARN_ABOUT_RETURN_TYPE = YES_ERROR;
				GCC_WARN_UNDECLARED_SELECTOR = YES;
				GCC_WARN_UNINITIALIZED_AUTOS = YES_AGGRESSIVE;
				GCC_WARN_UNUSED_FUNCTION = YES;
				GCC_WARN_UNUSED_VARIABLE = YES;
				IPHONEOS_DEPLOYMENT_TARGET = 12.2;
				MTL_ENABLE_DEBUG_INFO = NO;
				MTL_FAST_MATH = YES;
				SDKROOT = iphoneos;
				SWIFT_COMPILATION_MODE = wholemodule;
				SWIFT_OPTIMIZATION_LEVEL = "-O";
				VALIDATE_PRODUCT = YES;
			};
			name = Release;
		};
		08DAE5442537D6E90059C83E /* Debug */ = {
			isa = XCBuildConfiguration;
			baseConfigurationReference = 0B0F464CC26983EBED76A9CC /* Pods-Parstagram.debug.xcconfig */;
			buildSettings = {
				ASSETCATALOG_COMPILER_APPICON_NAME = AppIcon;
				CODE_SIGN_STYLE = Automatic;
				DEVELOPMENT_TEAM = U4FMFNG9C4;
				INFOPLIST_FILE = Parstagram/Info.plist;
				LD_RUNPATH_SEARCH_PATHS = (
					"$(inherited)",
					"@executable_path/Frameworks",
				);
				PRODUCT_BUNDLE_IDENTIFIER = "com.konst-nvc.Parstagram";
				PRODUCT_NAME = "$(TARGET_NAME)";
				SWIFT_VERSION = 5.0;
				TARGETED_DEVICE_FAMILY = "1,2";
			};
			name = Debug;
		};
		08DAE5452537D6E90059C83E /* Release */ = {
			isa = XCBuildConfiguration;
			baseConfigurationReference = 7C9D7964C791CD2B89538A4C /* Pods-Parstagram.release.xcconfig */;
			buildSettings = {
				ASSETCATALOG_COMPILER_APPICON_NAME = AppIcon;
				CODE_SIGN_STYLE = Automatic;
				DEVELOPMENT_TEAM = U4FMFNG9C4;
				INFOPLIST_FILE = Parstagram/Info.plist;
				LD_RUNPATH_SEARCH_PATHS = (
					"$(inherited)",
					"@executable_path/Frameworks",
				);
				PRODUCT_BUNDLE_IDENTIFIER = "com.konst-nvc.Parstagram";
				PRODUCT_NAME = "$(TARGET_NAME)";
				SWIFT_VERSION = 5.0;
				TARGETED_DEVICE_FAMILY = "1,2";
			};
			name = Release;
		};
		08DAE5472537D6E90059C83E /* Debug */ = {
			isa = XCBuildConfiguration;
			baseConfigurationReference = 0D42D0F5AC883A3CBAB17E6C /* Pods-ParstagramTests.debug.xcconfig */;
			buildSettings = {
				ALWAYS_EMBED_SWIFT_STANDARD_LIBRARIES = YES;
				BUNDLE_LOADER = "$(TEST_HOST)";
				CODE_SIGN_STYLE = Automatic;
				DEVELOPMENT_TEAM = U4FMFNG9C4;
				INFOPLIST_FILE = ParstagramTests/Info.plist;
				LD_RUNPATH_SEARCH_PATHS = (
					"$(inherited)",
					"@executable_path/Frameworks",
					"@loader_path/Frameworks",
				);
				PRODUCT_BUNDLE_IDENTIFIER = "com.konst-nvc.ParstagramTests";
				PRODUCT_NAME = "$(TARGET_NAME)";
				SWIFT_VERSION = 5.0;
				TARGETED_DEVICE_FAMILY = "1,2";
				TEST_HOST = "$(BUILT_PRODUCTS_DIR)/Parstagram.app/Parstagram";
			};
			name = Debug;
		};
		08DAE5482537D6E90059C83E /* Release */ = {
			isa = XCBuildConfiguration;
			baseConfigurationReference = FB36D944AD77EFD461C0FB11 /* Pods-ParstagramTests.release.xcconfig */;
			buildSettings = {
				ALWAYS_EMBED_SWIFT_STANDARD_LIBRARIES = YES;
				BUNDLE_LOADER = "$(TEST_HOST)";
				CODE_SIGN_STYLE = Automatic;
				DEVELOPMENT_TEAM = U4FMFNG9C4;
				INFOPLIST_FILE = ParstagramTests/Info.plist;
				LD_RUNPATH_SEARCH_PATHS = (
					"$(inherited)",
					"@executable_path/Frameworks",
					"@loader_path/Frameworks",
				);
				PRODUCT_BUNDLE_IDENTIFIER = "com.konst-nvc.ParstagramTests";
				PRODUCT_NAME = "$(TARGET_NAME)";
				SWIFT_VERSION = 5.0;
				TARGETED_DEVICE_FAMILY = "1,2";
				TEST_HOST = "$(BUILT_PRODUCTS_DIR)/Parstagram.app/Parstagram";
			};
			name = Release;
		};
		08DAE54A2537D6E90059C83E /* Debug */ = {
			isa = XCBuildConfiguration;
			baseConfigurationReference = F674213356C536181295E6EA /* Pods-Parstagram-ParstagramUITests.debug.xcconfig */;
			buildSettings = {
				ALWAYS_EMBED_SWIFT_STANDARD_LIBRARIES = YES;
				CODE_SIGN_STYLE = Automatic;
				DEVELOPMENT_TEAM = U4FMFNG9C4;
				INFOPLIST_FILE = ParstagramUITests/Info.plist;
				LD_RUNPATH_SEARCH_PATHS = (
					"$(inherited)",
					"@executable_path/Frameworks",
					"@loader_path/Frameworks",
				);
				PRODUCT_BUNDLE_IDENTIFIER = "com.konst-nvc.ParstagramUITests";
				PRODUCT_NAME = "$(TARGET_NAME)";
				SWIFT_VERSION = 5.0;
				TARGETED_DEVICE_FAMILY = "1,2";
				TEST_TARGET_NAME = Parstagram;
			};
			name = Debug;
		};
		08DAE54B2537D6E90059C83E /* Release */ = {
			isa = XCBuildConfiguration;
			baseConfigurationReference = 00F89B0E569F58A803A3BA38 /* Pods-Parstagram-ParstagramUITests.release.xcconfig */;
			buildSettings = {
				ALWAYS_EMBED_SWIFT_STANDARD_LIBRARIES = YES;
				CODE_SIGN_STYLE = Automatic;
				DEVELOPMENT_TEAM = U4FMFNG9C4;
				INFOPLIST_FILE = ParstagramUITests/Info.plist;
				LD_RUNPATH_SEARCH_PATHS = (
					"$(inherited)",
					"@executable_path/Frameworks",
					"@loader_path/Frameworks",
				);
				PRODUCT_BUNDLE_IDENTIFIER = "com.konst-nvc.ParstagramUITests";
				PRODUCT_NAME = "$(TARGET_NAME)";
				SWIFT_VERSION = 5.0;
				TARGETED_DEVICE_FAMILY = "1,2";
				TEST_TARGET_NAME = Parstagram;
			};
			name = Release;
		};
/* End XCBuildConfiguration section */

/* Begin XCConfigurationList section */
		08DAE5162537D6E60059C83E /* Build configuration list for PBXProject "Parstagram" */ = {
			isa = XCConfigurationList;
			buildConfigurations = (
				08DAE5412537D6E90059C83E /* Debug */,
				08DAE5422537D6E90059C83E /* Release */,
			);
			defaultConfigurationIsVisible = 0;
			defaultConfigurationName = Release;
		};
		08DAE5432537D6E90059C83E /* Build configuration list for PBXNativeTarget "Parstagram" */ = {
			isa = XCConfigurationList;
			buildConfigurations = (
				08DAE5442537D6E90059C83E /* Debug */,
				08DAE5452537D6E90059C83E /* Release */,
			);
			defaultConfigurationIsVisible = 0;
			defaultConfigurationName = Release;
		};
		08DAE5462537D6E90059C83E /* Build configuration list for PBXNativeTarget "ParstagramTests" */ = {
			isa = XCConfigurationList;
			buildConfigurations = (
				08DAE5472537D6E90059C83E /* Debug */,
				08DAE5482537D6E90059C83E /* Release */,
			);
			defaultConfigurationIsVisible = 0;
			defaultConfigurationName = Release;
		};
		08DAE5492537D6E90059C83E /* Build configuration list for PBXNativeTarget "ParstagramUITests" */ = {
			isa = XCConfigurationList;
			buildConfigurations = (
				08DAE54A2537D6E90059C83E /* Debug */,
				08DAE54B2537D6E90059C83E /* Release */,
			);
			defaultConfigurationIsVisible = 0;
			defaultConfigurationName = Release;
		};
/* End XCConfigurationList section */
	};
	rootObject = 08DAE5132537D6E60059C83E /* Project object */;
}
